
Microsoft Visual Studio Solution File, Format Version 12.00
# Visual Studio Version 16
VisualStudioVersion = 16.0.30309.148
MinimumVisualStudioVersion = 10.0.40219.1
Project("{9A19103F-16F7-4668-BE54-9A1E7A4F7556}") = "collection", "collection\collection.csproj", "{92067DAF-1976-4690-A664-EB09A89F30C5}"
EndProject
Project("{9A19103F-16F7-4668-BE54-9A1E7A4F7556}") = "mang2chieu", "mang2chieu\mang2chieu.csproj", "{1DE9E5FB-26C1-4F82-BCBC-6FE3987E3E49}"
EndProject
Project("{FAE04EC0-301F-11D3-BF4B-00C04F79EFBC}") = "calculator", "calculator\calculator.csproj", "{EEE9201E-5DDB-47AE-8849-A15746332AC8}"
EndProject
Project("{FAE04EC0-301F-11D3-BF4B-00C04F79EFBC}") = "matrixrectangle", "matrixrectangle\matrixrectangle.csproj", "{2B5EAABB-BB64-4CC8-BFE9-1576DF3A37DF}"
EndProject
Global
	GlobalSection(SolutionConfigurationPlatforms) = preSolution
		Debug|Any CPU = Debug|Any CPU
		Release|Any CPU = Release|Any CPU
	EndGlobalSection
	GlobalSection(ProjectConfigurationPlatforms) = postSolution
		{92067DAF-1976-4690-A664-EB09A89F30C5}.Debug|Any CPU.ActiveCfg = Debug|Any CPU
		{92067DAF-1976-4690-A664-EB09A89F30C5}.Debug|Any CPU.Build.0 = Debug|Any CPU
		{92067DAF-1976-4690-A664-EB09A89F30C5}.Release|Any CPU.ActiveCfg = Release|Any CPU
		{92067DAF-1976-4690-A664-EB09A89F30C5}.Release|Any CPU.Build.0 = Release|Any CPU
		{1DE9E5FB-26C1-4F82-BCBC-6FE3987E3E49}.Debug|Any CPU.ActiveCfg = Debug|Any CPU
		{1DE9E5FB-26C1-4F82-BCBC-6FE3987E3E49}.Debug|Any CPU.Build.0 = Debug|Any CPU
		{1DE9E5FB-26C1-4F82-BCBC-6FE3987E3E49}.Release|Any CPU.ActiveCfg = Release|Any CPU
		{1DE9E5FB-26C1-4F82-BCBC-6FE3987E3E49}.Release|Any CPU.Build.0 = Release|Any CPU
		{EEE9201E-5DDB-47AE-8849-A15746332AC8}.Debug|Any CPU.ActiveCfg = Debug|Any CPU
		{EEE9201E-5DDB-47AE-8849-A15746332AC8}.Debug|Any CPU.Build.0 = Debug|Any CPU
		{EEE9201E-5DDB-47AE-8849-A15746332AC8}.Release|Any CPU.ActiveCfg = Release|Any CPU
		{EEE9201E-5DDB-47AE-8849-A15746332AC8}.Release|Any CPU.Build.0 = Release|Any CPU
		{2B5EAABB-BB64-4CC8-BFE9-1576DF3A37DF}.Debug|Any CPU.ActiveCfg = Debug|Any CPU
		{2B5EAABB-BB64-4CC8-BFE9-1576DF3A37DF}.Debug|Any CPU.Build.0 = Debug|Any CPU
		{2B5EAABB-BB64-4CC8-BFE9-1576DF3A37DF}.Release|Any CPU.ActiveCfg = Release|Any CPU
		{2B5EAABB-BB64-4CC8-BFE9-1576DF3A37DF}.Release|Any CPU.Build.0 = Release|Any CPU
	EndGlobalSection
	GlobalSection(SolutionProperties) = preSolution
		HideSolutionNode = FALSE
	EndGlobalSection
	GlobalSection(ExtensibilityGlobals) = postSolution
		SolutionGuid = {F8313959-0EF5-4B31-8956-B79BD17DE1B5}
	EndGlobalSection
EndGlobal
